
Microsoft Visual Studio Solution File, Format Version 12.00
# Visual Studio Version 17
VisualStudioVersion = 17.0.31919.166
MinimumVisualStudioVersion = 10.0.40219.1
Project("{2150E333-8FDC-42A3-9474-1A3956D46DE8}") = "src", "src", "{D33E184B-A3D7-4A8F-988B-17CD64A967BB}"
EndProject
Project("{9A19103F-16F7-4668-BE54-9A1E7A4F7556}") = "OREL", "src\OREL.csproj", "{FB310F35-20A6-4CBA-ABDE-D1E24EFA3CF9}"
EndProject
Project("{FAE04EC0-301F-11D3-BF4B-00C04F79EFBC}") = "OREL.Test", "test\OREL.Test\OREL.Test.csproj", "{63E7AA6D-5499-4607-B4CD-D1D7B43B5D8A}"
EndProject
Project("{2150E333-8FDC-42A3-9474-1A3956D46DE8}") = "test", "test", "{1FC66517-9B40-4E3E-90EA-C6E9B7B2D54C}"
EndProject
Global
	GlobalSection(SolutionConfigurationPlatforms) = preSolution
		Debug|Any CPU = Debug|Any CPU
		Release|Any CPU = Release|Any CPU
	EndGlobalSection
	GlobalSection(ProjectConfigurationPlatforms) = postSolution
		{FB310F35-20A6-4CBA-ABDE-D1E24EFA3CF9}.Debug|Any CPU.ActiveCfg = Debug|Any CPU
		{FB310F35-20A6-4CBA-ABDE-D1E24EFA3CF9}.Debug|Any CPU.Build.0 = Debug|Any CPU
		{FB310F35-20A6-4CBA-ABDE-D1E24EFA3CF9}.Release|Any CPU.ActiveCfg = Release|Any CPU
		{FB310F35-20A6-4CBA-ABDE-D1E24EFA3CF9}.Release|Any CPU.Build.0 = Release|Any CPU
		{63E7AA6D-5499-4607-B4CD-D1D7B43B5D8A}.Debug|Any CPU.ActiveCfg = Debug|Any CPU
		{63E7AA6D-5499-4607-B4CD-D1D7B43B5D8A}.Debug|Any CPU.Build.0 = Debug|Any CPU
		{63E7AA6D-5499-4607-B4CD-D1D7B43B5D8A}.Release|Any CPU.ActiveCfg = Release|Any CPU
		{63E7AA6D-5499-4607-B4CD-D1D7B43B5D8A}.Release|Any CPU.Build.0 = Release|Any CPU
	EndGlobalSection
	GlobalSection(SolutionProperties) = preSolution
		HideSolutionNode = FALSE
	EndGlobalSection
	GlobalSection(NestedProjects) = preSolution
		{FB310F35-20A6-4CBA-ABDE-D1E24EFA3CF9} = {D33E184B-A3D7-4A8F-988B-17CD64A967BB}
		{63E7AA6D-5499-4607-B4CD-D1D7B43B5D8A} = {1FC66517-9B40-4E3E-90EA-C6E9B7B2D54C}
	EndGlobalSection
	GlobalSection(ExtensibilityGlobals) = postSolution
		SolutionGuid = {96344B6D-196C-4CB8-AAD3-07A309C5DC34}
	EndGlobalSection
EndGlobal
